
Microsoft Visual Studio Solution File, Format Version 12.00
# Visual Studio 2012
Project("{FAE04EC0-301F-11D3-BF4B-00C04F79EFBC}") = "CSPTool", "WindowsFormsApplication1\CSPTool.csproj", "{3CB35994-2650-4F48-9BFC-D96DF44AE32B}"
EndProject
Global
	GlobalSection(SolutionConfigurationPlatforms) = preSolution
		Debug|Any CPU = Debug|Any CPU
		Release|Any CPU = Release|Any CPU
	EndGlobalSection
	GlobalSection(ProjectConfigurationPlatforms) = postSolution
		{3CB35994-2650-4F48-9BFC-D96DF44AE32B}.Debug|Any CPU.ActiveCfg = Debug|Any CPU
		{3CB35994-2650-4F48-9BFC-D96DF44AE32B}.Debug|Any CPU.Build.0 = Debug|Any CPU
		{3CB35994-2650-4F48-9BFC-D96DF44AE32B}.Release|Any CPU.ActiveCfg = Release|Any CPU
		{3CB35994-2650-4F48-9BFC-D96DF44AE32B}.Release|Any CPU.Build.0 = Release|Any CPU
	EndGlobalSection
	GlobalSection(SolutionProperties) = preSolution
		HideSolutionNode = FALSE
	EndGlobalSection
EndGlobal
